
Microsoft Visual Studio Solution File, Format Version 12.00
# Visual Studio Version 17
VisualStudioVersion = 17.3.32929.385
MinimumVisualStudioVersion = 10.0.40219.1
Project("{FAE04EC0-301F-11D3-BF4B-00C04F79EFBC}") = "Sys_DZ_04", "Sys_DZ_04\Sys_DZ_04.csproj", "{2F823A30-7319-4EE1-BA6F-359070F0E445}"
EndProject
Global
	GlobalSection(SolutionConfigurationPlatforms) = preSolution
		Debug|Any CPU = Debug|Any CPU
		Release|Any CPU = Release|Any CPU
	EndGlobalSection
	GlobalSection(ProjectConfigurationPlatforms) = postSolution
		{2F823A30-7319-4EE1-BA6F-359070F0E445}.Debug|Any CPU.ActiveCfg = Debug|Any CPU
		{2F823A30-7319-4EE1-BA6F-359070F0E445}.Debug|Any CPU.Build.0 = Debug|Any CPU
		{2F823A30-7319-4EE1-BA6F-359070F0E445}.Release|Any CPU.ActiveCfg = Release|Any CPU
		{2F823A30-7319-4EE1-BA6F-359070F0E445}.Release|Any CPU.Build.0 = Release|Any CPU
	EndGlobalSection
	GlobalSection(SolutionProperties) = preSolution
		HideSolutionNode = FALSE
	EndGlobalSection
	GlobalSection(ExtensibilityGlobals) = postSolution
		SolutionGuid = {422AE2CD-09E1-4AB5-83E1-963CF6C66BCF}
	EndGlobalSection
EndGlobal
